Microsoft Visual Studio Solution File, Format Version 12.00
# Visual Studio Version 17
VisualStudioVersion = 17.5.2.0
MinimumVisualStudioVersion = 10.0.40219.1
Project("{FAE04EC0-301F-11D3-BF4B-00C04F79EFBC}") = "Codigo_Aulas_DotNet_C#_GitHub_Copilot", "Codigo_Aulas_DotNet_C#_GitHub_Copilot.csproj", "{4A8181E1-98E2-A198-228F-A834A362AF53}"
EndProject
Global
	GlobalSection(SolutionConfigurationPlatforms) = preSolution
		Debug|Any CPU = Debug|Any CPU
		Release|Any CPU = Release|Any CPU
	EndGlobalSection
	GlobalSection(ProjectConfigurationPlatforms) = postSolution
		{4A8181E1-98E2-A198-228F-A834A362AF53}.Debug|Any CPU.ActiveCfg = Debug|Any CPU
		{4A8181E1-98E2-A198-228F-A834A362AF53}.Debug|Any CPU.Build.0 = Debug|Any CPU
		{4A8181E1-98E2-A198-228F-A834A362AF53}.Release|Any CPU.ActiveCfg = Release|Any CPU
		{4A8181E1-98E2-A198-228F-A834A362AF53}.Release|Any CPU.Build.0 = Release|Any CPU
	EndGlobalSection
	GlobalSection(SolutionProperties) = preSolution
		HideSolutionNode = FALSE
	EndGlobalSection
	GlobalSection(ExtensibilityGlobals) = postSolution
		SolutionGuid = {03DA8264-F9B4-4D53-B1F5-BEC61CE16D48}
	EndGlobalSection
EndGlobal
